# GENERATED FILE - DO NOT EDIT DIRECTLY
schema_version: 1

bundle:
  version: "0.9.4"
  release_sequence: 61
  channel: "stable"
  source_tree_digest: "sha256:7539972f647cb41bde607b2df27ba7edc6f38944cd03bd3998e0399feb81fc38"
  digest: "sha256:d1952b8e599e5b71b7a4e37614817b6ec30081003f1380a906b6a62defe2a332"
  attestation_identity_digest: "sha256:bae54be9c903b0ec1d356ce3ae4b54b4226f0ae978c3c8d544fccde2d17bd771"

projection:
  input_digest: "sha256:ac8c5e5d8fa76f0114698ebc2a8653a05f06bdf24ca3eea17c87f4e701657099"
  output_digest: "sha256:766c85527ee2ce108bd40901d90751dd048d201d3dee72721aef872e0fd78ac6"
  files:
    - path: ".gds/compiled-policy.json"
      digest: "sha256:71e0f6cb2a4e0e3e34968e900a5f2969b372ceaab6c12240b0c44d1ae7ea2d15"
