# GENERATED FILE - DO NOT EDIT DIRECTLY
schema_version: 1

bundle:
  version: "0.8.0"
  release_sequence: 55
  channel: "stable"
  source_tree_digest: "sha256:059be9ccd7b94dbb2ed1d00de45ea0f33de430325aa15f0646c04eb35fd10249"
  digest: "sha256:e582619f2c9bf192b57b761418d52afe520630a074cbdae3ae9199223c33c93e"
  attestation_identity_digest: "sha256:e1b787c63de916f750e2cbcbf664967669024e1062964515f612b2c826c9e10d"

projection:
  input_digest: "sha256:460039c6ea070da7eb3a88a53f5c5cfcc7bf852209b4f7949411b6af43c442bc"
  output_digest: "sha256:6df8425d9b3ebe48a39fad7d21493444364c697256721cd692ea35e1658abf0e"
  files:
    - path: ".gds/compiled-policy.json"
      digest: "sha256:6f72b631e71dfc641101dad2b84e9a4bd6c42281f9c87e168d883aa85d11c20d"
