# GENERATED FILE - DO NOT EDIT DIRECTLY
schema_version: 1

bundle:
  version: "0.4.0-dev"
  release_sequence: 0
  channel: "development"
  source_tree_digest: "sha256:f9f9787082b9f3b25ba11ec267f28c58a5d00a61e3a59c77a868756f360a901c"
  digest: "sha256:da75532c0b707fa08aa97cff810541c14b87d99625d670453d0a51270fbbbe75"

projection:
  input_digest: "sha256:51828487bd1128260a8feb5dead1dfc51f30c11b5fb209ccc57cbb459709d4d6"
  output_digest: "sha256:a8e165b5c6e4471122a93779a05d016c4c45bf3901c6ed6eb99a757b93aade1a"
  files:
    - path: ".claude/CLAUDE.md"
      digest: "sha256:f434442a77a2bcc2b8b1ab491858c39ae95c7a9524a981c703a4659b6195cd7f"
    - path: ".gds/compiled-policy.json"
      digest: "sha256:bbc0d7df7bdbcb364046634e6881e0b04c980af9ad8f2075473a7fc23749965f"
    - path: "AGENTS.md"
      digest: "sha256:33aefa7e14c0a84a5a25444926fe49580951b178bb2e8ea849ddbd9e0420eaaa"
